
Microsoft Visual Studio Solution File, Format Version 12.00
# Visual Studio 15
VisualStudioVersion = 15.0.27130.2003
MinimumVisualStudioVersion = 10.0.40219.1
Project("{FAE04EC0-301F-11D3-BF4B-00C04F79EFBC}") = "FGAClient.Android", "FGAClient\FGAClient.Android\FGAClient.Android.csproj", "{EBE3FA1E-F3C2-46EC-B8AC-F20A0DF7ED90}"
EndProject
Project("{FAE04EC0-301F-11D3-BF4B-00C04F79EFBC}") = "FGAClient.iOS", "FGAClient\FGAClient.iOS\FGAClient.iOS.csproj", "{D127491A-A2B7-4AEC-AB78-FD9542C02146}"
EndProject
Project("{FAE04EC0-301F-11D3-BF4B-00C04F79EFBC}") = "FGAClient.UWP", "FGAClient\FGAClient.UWP\FGAClient.UWP.csproj", "{A279C0DD-2798-42A2-B709-6A3B0ABBF375}"
EndProject
Project("{D954291E-2A0B-460D-934E-DC6B0785DB48}") = "FGAClient", "FGAClient\FGAClient\FGAClient.shproj", "{E969A62F-03B4-4F29-B1B1-5B6C116440D6}"
EndProject
Global
	GlobalSection(SharedMSBuildProjectFiles) = preSolution
		FGAClient\FGAClient\FGAClient.projitems*{a279c0dd-2798-42a2-b709-6a3b0abbf375}*SharedItemsImports = 4
		FGAClient\FGAClient\FGAClient.projitems*{d127491a-a2b7-4aec-ab78-fd9542c02146}*SharedItemsImports = 4
		FGAClient\FGAClient\FGAClient.projitems*{e969a62f-03b4-4f29-b1b1-5b6c116440d6}*SharedItemsImports = 13
		FGAClient\FGAClient\FGAClient.projitems*{ebe3fa1e-f3c2-46ec-b8ac-f20a0df7ed90}*SharedItemsImports = 4
	EndGlobalSection
	GlobalSection(SolutionConfigurationPlatforms) = preSolution
		Ad-Hoc|Any CPU = Ad-Hoc|Any CPU
		Ad-Hoc|ARM = Ad-Hoc|ARM
		Ad-Hoc|iPhone = Ad-Hoc|iPhone
		Ad-Hoc|iPhoneSimulator = Ad-Hoc|iPhoneSimulator
		Ad-Hoc|x64 = Ad-Hoc|x64
		Ad-Hoc|x86 = Ad-Hoc|x86
		AppStore|Any CPU = AppStore|Any CPU
		AppStore|ARM = AppStore|ARM
		AppStore|iPhone = AppStore|iPhone
		AppStore|iPhoneSimulator = AppStore|iPhoneSimulator
		AppStore|x64 = AppStore|x64
		AppStore|x86 = AppStore|x86
		Debug|Any CPU = Debug|Any CPU
		Debug|ARM = Debug|ARM
		Debug|iPhone = Debug|iPhone
		Debug|iPhoneSimulator = Debug|iPhoneSimulator
		Debug|x64 = Debug|x64
		Debug|x86 = Debug|x86
		Release|Any CPU = Release|Any CPU
		Release|ARM = Release|ARM
		Release|iPhone = Release|iPhone
		Release|iPhoneSimulator = Release|iPhoneSimulator
		Release|x64 = Release|x64
		Release|x86 = Release|x86
	EndGlobalSection
	GlobalSection(ProjectConfigurationPlatforms) = postSolution
		{EBE3FA1E-F3C2-46EC-B8AC-F20A0DF7ED90}.Ad-Hoc|Any CPU.ActiveCfg = Release|Any CPU
		{EBE3FA1E-F3C2-46EC-B8AC-F20A0DF7ED90}.Ad-Hoc|Any CPU.Build.0 = Release|Any CPU
		{EBE3FA1E-F3C2-46EC-B8AC-F20A0DF7ED90}.Ad-Hoc|Any CPU.Deploy.0 = Release|Any CPU
		{EBE3FA1E-F3C2-46EC-B8AC-F20A0DF7ED90}.Ad-Hoc|ARM.ActiveCfg = Release|Any CPU
		{EBE3FA1E-F3C2-46EC-B8AC-F20A0DF7ED90}.Ad-Hoc|ARM.Build.0 = Release|Any CPU
		{EBE3FA1E-F3C2-46EC-B8AC-F20A0DF7ED90}.Ad-Hoc|ARM.Deploy.0 = Release|Any CPU
		{EBE3FA1E-F3C2-46EC-B8AC-F20A0DF7ED90}.Ad-Hoc|iPhone.ActiveCfg = Release|Any CPU
		{EBE3FA1E-F3C2-46EC-B8AC-F20A0DF7ED90}.Ad-Hoc|iPhone.Build.0 = Release|Any CPU
		{EBE3FA1E-F3C2-46EC-B8AC-F20A0DF7ED90}.Ad-Hoc|iPhone.Deploy.0 = Release|Any CPU
		{EBE3FA1E-F3C2-46EC-B8AC-F20A0DF7ED90}.Ad-Hoc|iPhoneSimulator.ActiveCfg = Release|Any CPU
		{EBE3FA1E-F3C2-46EC-B8AC-F20A0DF7ED90}.Ad-Hoc|iPhoneSimulator.Build.0 = Release|Any CPU
		{EBE3FA1E-F3C2-46EC-B8AC-F20A0DF7ED90}.Ad-Hoc|iPhoneSimulator.Deploy.0 = Release|Any CPU
		{EBE3FA1E-F3C2-46EC-B8AC-F20A0DF7ED90}.Ad-Hoc|x64.ActiveCfg = Release|Any CPU
		{EBE3FA1E-F3C2-46EC-B8AC-F20A0DF7ED90}.Ad-Hoc|x64.Build.0 = Release|Any CPU
		{EBE3FA1E-F3C2-46EC-B8AC-F20A0DF7ED90}.Ad-Hoc|x64.Deploy.0 = Release|Any CPU
		{EBE3FA1E-F3C2-46EC-B8AC-F20A0DF7ED90}.Ad-Hoc|x86.ActiveCfg = Release|Any CPU
		{EBE3FA1E-F3C2-46EC-B8AC-F20A0DF7ED90}.Ad-Hoc|x86.Build.0 = Release|Any CPU
		{EBE3FA1E-F3C2-46EC-B8AC-F20A0DF7ED90}.Ad-Hoc|x86.Deploy.0 = Release|Any CPU
		{EBE3FA1E-F3C2-46EC-B8AC-F20A0DF7ED90}.AppStore|Any CPU.ActiveCfg = Release|Any CPU
		{EBE3FA1E-F3C2-46EC-B8AC-F20A0DF7ED90}.AppStore|Any CPU.Build.0 = Release|Any CPU
		{EBE3FA1E-F3C2-46EC-B8AC-F20A0DF7ED90}.AppStore|Any CPU.Deploy.0 = Release|Any CPU
		{EBE3FA1E-F3C2-46EC-B8AC-F20A0DF7ED90}.AppStore|ARM.ActiveCfg = Release|Any CPU
		{EBE3FA1E-F3C2-46EC-B8AC-F20A0DF7ED90}.AppStore|ARM.Build.0 = Release|Any CPU
		{EBE3FA1E-F3C2-46EC-B8AC-F20A0DF7ED90}.AppStore|ARM.Deploy.0 = Release|Any CPU
		{EBE3FA1E-F3C2-46EC-B8AC-F20A0DF7ED90}.AppStore|iPhone.ActiveCfg = Release|Any CPU
		{EBE3FA1E-F3C2-46EC-B8AC-F20A0DF7ED90}.AppStore|iPhone.Build.0 = Release|Any CPU
		{EBE3FA1E-F3C2-46EC-B8AC-F20A0DF7ED90}.AppStore|iPhone.Deploy.0 = Release|Any CPU
		{EBE3FA1E-F3C2-46EC-B8AC-F20A0DF7ED90}.AppStore|iPhoneSimulator.ActiveCfg = Release|Any CPU
		{EBE3FA1E-F3C2-46EC-B8AC-F20A0DF7ED90}.AppStore|iPhoneSimulator.Build.0 = Release|Any CPU
		{EBE3FA1E-F3C2-46EC-B8AC-F20A0DF7ED90}.AppStore|iPhoneSimulator.Deploy.0 = Release|Any CPU
		{EBE3FA1E-F3C2-46EC-B8AC-F20A0DF7ED90}.AppStore|x64.ActiveCfg = Release|Any CPU
		{EBE3FA1E-F3C2-46EC-B8AC-F20A0DF7ED90}.AppStore|x64.Build.0 = Release|Any CPU
		{EBE3FA1E-F3C2-46EC-B8AC-F20A0DF7ED90}.AppStore|x64.Deploy.0 = Release|Any CPU
		{EBE3FA1E-F3C2-46EC-B8AC-F20A0DF7ED90}.AppStore|x86.ActiveCfg = Release|Any CPU
		{EBE3FA1E-F3C2-46EC-B8AC-F20A0DF7ED90}.AppStore|x86.Build.0 = Release|Any CPU
		{EBE3FA1E-F3C2-46EC-B8AC-F20A0DF7ED90}.AppStore|x86.Deploy.0 = Release|Any CPU
		{EBE3FA1E-F3C2-46EC-B8AC-F20A0DF7ED90}.Debug|Any CPU.ActiveCfg = Debug|Any CPU
		{EBE3FA1E-F3C2-46EC-B8AC-F20A0DF7ED90}.Debug|Any CPU.Build.0 = Debug|Any CPU
		{EBE3FA1E-F3C2-46EC-B8AC-F20A0DF7ED90}.Debug|Any CPU.Deploy.0 = Debug|Any CPU
		{EBE3FA1E-F3C2-46EC-B8AC-F20A0DF7ED90}.Debug|ARM.ActiveCfg = Debug|Any CPU
		{EBE3FA1E-F3C2-46EC-B8AC-F20A0DF7ED90}.Debug|ARM.Build.0 = Debug|Any CPU
		{EBE3FA1E-F3C2-46EC-B8AC-F20A0DF7ED90}.Debug|ARM.Deploy.0 = Debug|Any CPU
		{EBE3FA1E-F3C2-46EC-B8AC-F20A0DF7ED90}.Debug|iPhone.ActiveCfg = Debug|Any CPU
		{EBE3FA1E-F3C2-46EC-B8AC-F20A0DF7ED90}.Debug|iPhone.Build.0 = Debug|Any CPU
		{EBE3FA1E-F3C2-46EC-B8AC-F20A0DF7ED90}.Debug|iPhone.Deploy.0 = Debug|Any CPU
		{EBE3FA1E-F3C2-46EC-B8AC-F20A0DF7ED90}.Debug|iPhoneSimulator.ActiveCfg = Debug|Any CPU
		{EBE3FA1E-F3C2-46EC-B8AC-F20A0DF7ED90}.Debug|iPhoneSimulator.Build.0 = Debug|Any CPU
		{EBE3FA1E-F3C2-46EC-B8AC-F20A0DF7ED90}.Debug|iPhoneSimulator.Deploy.0 = Debug|Any CPU
		{EBE3FA1E-F3C2-46EC-B8AC-F20A0DF7ED90}.Debug|x64.ActiveCfg = Debug|Any CPU
		{EBE3FA1E-F3C2-46EC-B8AC-F20A0DF7ED90}.Debug|x64.Build.0 = Debug|Any CPU
		{EBE3FA1E-F3C2-46EC-B8AC-F20A0DF7ED90}.Debug|x64.Deploy.0 = Debug|Any CPU
		{EBE3FA1E-F3C2-46EC-B8AC-F20A0DF7ED90}.Debug|x86.ActiveCfg = Debug|Any CPU
		{EBE3FA1E-F3C2-46EC-B8AC-F20A0DF7ED90}.Debug|x86.Build.0 = Debug|Any CPU
		{EBE3FA1E-F3C2-46EC-B8AC-F20A0DF7ED90}.Debug|x86.Deploy.0 = Debug|Any CPU
		{EBE3FA1E-F3C2-46EC-B8AC-F20A0DF7ED90}.Release|Any CPU.ActiveCfg = Release|Any CPU
		{EBE3FA1E-F3C2-46EC-B8AC-F20A0DF7ED90}.Release|Any CPU.Build.0 = Release|Any CPU
		{EBE3FA1E-F3C2-46EC-B8AC-F20A0DF7ED90}.Release|Any CPU.Deploy.0 = Release|Any CPU
		{EBE3FA1E-F3C2-46EC-B8AC-F20A0DF7ED90}.Release|ARM.ActiveCfg = Release|Any CPU
		{EBE3FA1E-F3C2-46EC-B8AC-F20A0DF7ED90}.Release|ARM.Build.0 = Release|Any CPU
		{EBE3FA1E-F3C2-46EC-B8AC-F20A0DF7ED90}.Release|ARM.Deploy.0 = Release|Any CPU
		{EBE3FA1E-F3C2-46EC-B8AC-F20A0DF7ED90}.Release|iPhone.ActiveCfg = Release|Any CPU
		{EBE3FA1E-F3C2-46EC-B8AC-F20A0DF7ED90}.Release|iPhone.Build.0 = Release|Any CPU
		{EBE3FA1E-F3C2-46EC-B8AC-F20A0DF7ED90}.Release|iPhone.Deploy.0 = Release|Any CPU
		{EBE3FA1E-F3C2-46EC-B8AC-F20A0DF7ED90}.Release|iPhoneSimulator.ActiveCfg = Release|Any CPU
		{EBE3FA1E-F3C2-46EC-B8AC-F20A0DF7ED90}.Release|iPhoneSimulator.Build.0 = Release|Any CPU
		{EBE3FA1E-F3C2-46EC-B8AC-F20A0DF7ED90}.Release|iPhoneSimulator.Deploy.0 = Release|Any CPU
		{EBE3FA1E-F3C2-46EC-B8AC-F20A0DF7ED90}.Release|x64.ActiveCfg = Release|Any CPU
		{EBE3FA1E-F3C2-46EC-B8AC-F20A0DF7ED90}.Release|x64.Build.0 = Release|Any CPU
		{EBE3FA1E-F3C2-46EC-B8AC-F20A0DF7ED90}.Release|x64.Deploy.0 = Release|Any CPU
		{EBE3FA1E-F3C2-46EC-B8AC-F20A0DF7ED90}.Release|x86.ActiveCfg = Release|Any CPU
		{EBE3FA1E-F3C2-46EC-B8AC-F20A0DF7ED90}.Release|x86.Build.0 = Release|Any CPU
		{EBE3FA1E-F3C2-46EC-B8AC-F20A0DF7ED90}.Release|x86.Deploy.0 = Release|Any CPU
		{D127491A-A2B7-4AEC-AB78-FD9542C02146}.Ad-Hoc|Any CPU.ActiveCfg = Ad-Hoc|iPhone
		{D127491A-A2B7-4AEC-AB78-FD9542C02146}.Ad-Hoc|ARM.ActiveCfg = Ad-Hoc|iPhone
		{D127491A-A2B7-4AEC-AB78-FD9542C02146}.Ad-Hoc|iPhone.ActiveCfg = Ad-Hoc|iPhone
		{D127491A-A2B7-4AEC-AB78-FD9542C02146}.Ad-Hoc|iPhone.Build.0 = Ad-Hoc|iPhone
		{D127491A-A2B7-4AEC-AB78-FD9542C02146}.Ad-Hoc|iPhoneSimulator.ActiveCfg = Ad-Hoc|iPhoneSimulator
		{D127491A-A2B7-4AEC-AB78-FD9542C02146}.Ad-Hoc|iPhoneSimulator.Build.0 = Ad-Hoc|iPhoneSimulator
		{D127491A-A2B7-4AEC-AB78-FD9542C02146}.Ad-Hoc|x64.ActiveCfg = Ad-Hoc|iPhone
		{D127491A-A2B7-4AEC-AB78-FD9542C02146}.Ad-Hoc|x86.ActiveCfg = Ad-Hoc|iPhone
		{D127491A-A2B7-4AEC-AB78-FD9542C02146}.AppStore|Any CPU.ActiveCfg = AppStore|iPhone
		{D127491A-A2B7-4AEC-AB78-FD9542C02146}.AppStore|ARM.ActiveCfg = AppStore|iPhone
		{D127491A-A2B7-4AEC-AB78-FD9542C02146}.AppStore|iPhone.ActiveCfg = AppStore|iPhone
		{D127491A-A2B7-4AEC-AB78-FD9542C02146}.AppStore|iPhone.Build.0 = AppStore|iPhone
		{D127491A-A2B7-4AEC-AB78-FD9542C02146}.AppStore|iPhoneSimulator.ActiveCfg = AppStore|iPhoneSimulator
		{D127491A-A2B7-4AEC-AB78-FD9542C02146}.AppStore|iPhoneSimulator.Build.0 = AppStore|iPhoneSimulator
		{D127491A-A2B7-4AEC-AB78-FD9542C02146}.AppStore|x64.ActiveCfg = AppStore|iPhone
		{D127491A-A2B7-4AEC-AB78-FD9542C02146}.AppStore|x86.ActiveCfg = AppStore|iPhone
		{D127491A-A2B7-4AEC-AB78-FD9542C02146}.Debug|Any CPU.ActiveCfg = Debug|iPhone
		{D127491A-A2B7-4AEC-AB78-FD9542C02146}.Debug|ARM.ActiveCfg = Debug|iPhone
		{D127491A-A2B7-4AEC-AB78-FD9542C02146}.Debug|iPhone.ActiveCfg = Debug|iPhone
		{D127491A-A2B7-4AEC-AB78-FD9542C02146}.Debug|iPhone.Build.0 = Debug|iPhone
		{D127491A-A2B7-4AEC-AB78-FD9542C02146}.Debug|iPhoneSimulator.ActiveCfg = Debug|iPhoneSimulator
		{D127491A-A2B7-4AEC-AB78-FD9542C02146}.Debug|iPhoneSimulator.Build.0 = Debug|iPhoneSimulator
		{D127491A-A2B7-4AEC-AB78-FD9542C02146}.Debug|x64.ActiveCfg = Debug|iPhone
		{D127491A-A2B7-4AEC-AB78-FD9542C02146}.Debug|x86.ActiveCfg = Debug|iPhone
		{D127491A-A2B7-4AEC-AB78-FD9542C02146}.Release|Any CPU.ActiveCfg = Release|iPhone
		{D127491A-A2B7-4AEC-AB78-FD9542C02146}.Release|ARM.ActiveCfg = Release|iPhone
		{D127491A-A2B7-4AEC-AB78-FD9542C02146}.Release|iPhone.ActiveCfg = Release|iPhone
		{D127491A-A2B7-4AEC-AB78-FD9542C02146}.Release|iPhone.Build.0 = Release|iPhone
		{D127491A-A2B7-4AEC-AB78-FD9542C02146}.Release|iPhoneSimulator.ActiveCfg = Release|iPhoneSimulator
		{D127491A-A2B7-4AEC-AB78-FD9542C02146}.Release|iPhoneSimulator.Build.0 = Release|iPhoneSimulator
		{D127491A-A2B7-4AEC-AB78-FD9542C02146}.Release|x64.ActiveCfg = Release|iPhone
		{D127491A-A2B7-4AEC-AB78-FD9542C02146}.Release|x86.ActiveCfg = Release|iPhone
		{A279C0DD-2798-42A2-B709-6A3B0ABBF375}.Ad-Hoc|Any CPU.ActiveCfg = Release|x86
		{A279C0DD-2798-42A2-B709-6A3B0ABBF375}.Ad-Hoc|Any CPU.Build.0 = Release|x86
		{A279C0DD-2798-42A2-B709-6A3B0ABBF375}.Ad-Hoc|Any CPU.Deploy.0 = Release|x86
		{A279C0DD-2798-42A2-B709-6A3B0ABBF375}.Ad-Hoc|ARM.ActiveCfg = Release|ARM
		{A279C0DD-2798-42A2-B709-6A3B0ABBF375}.Ad-Hoc|ARM.Build.0 = Release|ARM
		{A279C0DD-2798-42A2-B709-6A3B0ABBF375}.Ad-Hoc|ARM.Deploy.0 = Release|ARM
		{A279C0DD-2798-42A2-B709-6A3B0ABBF375}.Ad-Hoc|iPhone.ActiveCfg = Release|x86
		{A279C0DD-2798-42A2-B709-6A3B0ABBF375}.Ad-Hoc|iPhone.Build.0 = Release|x86
		{A279C0DD-2798-42A2-B709-6A3B0ABBF375}.Ad-Hoc|iPhone.Deploy.0 = Release|x86
		{A279C0DD-2798-42A2-B709-6A3B0ABBF375}.Ad-Hoc|iPhoneSimulator.ActiveCfg = Release|x86
		{A279C0DD-2798-42A2-B709-6A3B0ABBF375}.Ad-Hoc|iPhoneSimulator.Build.0 = Release|x86
		{A279C0DD-2798-42A2-B709-6A3B0ABBF375}.Ad-Hoc|iPhoneSimulator.Deploy.0 = Release|x86
		{A279C0DD-2798-42A2-B709-6A3B0ABBF375}.Ad-Hoc|x64.ActiveCfg = Release|x64
		{A279C0DD-2798-42A2-B709-6A3B0ABBF375}.Ad-Hoc|x64.Build.0 = Release|x64
		{A279C0DD-2798-42A2-B709-6A3B0ABBF375}.Ad-Hoc|x64.Deploy.0 = Release|x64
		{A279C0DD-2798-42A2-B709-6A3B0ABBF375}.Ad-Hoc|x86.ActiveCfg = Release|x86
		{A279C0DD-2798-42A2-B709-6A3B0ABBF375}.Ad-Hoc|x86.Build.0 = Release|x86
		{A279C0DD-2798-42A2-B709-6A3B0ABBF375}.Ad-Hoc|x86.Deploy.0 = Release|x86
		{A279C0DD-2798-42A2-B709-6A3B0ABBF375}.AppStore|Any CPU.ActiveCfg = Release|x86
		{A279C0DD-2798-42A2-B709-6A3B0ABBF375}.AppStore|Any CPU.Build.0 = Release|x86
		{A279C0DD-2798-42A2-B709-6A3B0ABBF375}.AppStore|Any CPU.Deploy.0 = Release|x86
		{A279C0DD-2798-42A2-B709-6A3B0ABBF375}.AppStore|ARM.ActiveCfg = Release|ARM
		{A279C0DD-2798-42A2-B709-6A3B0ABBF375}.AppStore|ARM.Build.0 = Release|ARM
		{A279C0DD-2798-42A2-B709-6A3B0ABBF375}.AppStore|ARM.Deploy.0 = Release|ARM
		{A279C0DD-2798-42A2-B709-6A3B0ABBF375}.AppStore|iPhone.ActiveCfg = Release|x86
		{A279C0DD-2798-42A2-B709-6A3B0ABBF375}.AppStore|iPhone.Build.0 = Release|x86
		{A279C0DD-2798-42A2-B709-6A3B0ABBF375}.AppStore|iPhone.Deploy.0 = Release|x86
		{A279C0DD-2798-42A2-B709-6A3B0ABBF375}.AppStore|iPhoneSimulator.ActiveCfg = Release|x86
		{A279C0DD-2798-42A2-B709-6A3B0ABBF375}.AppStore|iPhoneSimulator.Build.0 = Release|x86
		{A279C0DD-2798-42A2-B709-6A3B0ABBF375}.AppStore|iPhoneSimulator.Deploy.0 = Release|x86
		{A279C0DD-2798-42A2-B709-6A3B0ABBF375}.AppStore|x64.ActiveCfg = Release|x64
		{A279C0DD-2798-42A2-B709-6A3B0ABBF375}.AppStore|x64.Build.0 = Release|x64
		{A279C0DD-2798-42A2-B709-6A3B0ABBF375}.AppStore|x64.Deploy.0 = Release|x64
		{A279C0DD-2798-42A2-B709-6A3B0ABBF375}.AppStore|x86.ActiveCfg = Release|x86
		{A279C0DD-2798-42A2-B709-6A3B0ABBF375}.AppStore|x86.Build.0 = Release|x86
		{A279C0DD-2798-42A2-B709-6A3B0ABBF375}.AppStore|x86.Deploy.0 = Release|x86
		{A279C0DD-2798-42A2-B709-6A3B0ABBF375}.Debug|Any CPU.ActiveCfg = Debug|x86
		{A279C0DD-2798-42A2-B709-6A3B0ABBF375}.Debug|ARM.ActiveCfg = Debug|ARM
		{A279C0DD-2798-42A2-B709-6A3B0ABBF375}.Debug|ARM.Build.0 = Debug|ARM
		{A279C0DD-2798-42A2-B709-6A3B0ABBF375}.Debug|ARM.Deploy.0 = Debug|ARM
		{A279C0DD-2798-42A2-B709-6A3B0ABBF375}.Debug|iPhone.ActiveCfg = Debug|x86
		{A279C0DD-2798-42A2-B709-6A3B0ABBF375}.Debug|iPhoneSimulator.ActiveCfg = Debug|x86
		{A279C0DD-2798-42A2-B709-6A3B0ABBF375}.Debug|x64.ActiveCfg = Debug|x64
		{A279C0DD-2798-42A2-B709-6A3B0ABBF375}.Debug|x64.Build.0 = Debug|x64
		{A279C0DD-2798-42A2-B709-6A3B0ABBF375}.Debug|x64.Deploy.0 = Debug|x64
		{A279C0DD-2798-42A2-B709-6A3B0ABBF375}.Debug|x86.ActiveCfg = Debug|x86
		{A279C0DD-2798-42A2-B709-6A3B0ABBF375}.Debug|x86.Build.0 = Debug|x86
		{A279C0DD-2798-42A2-B709-6A3B0ABBF375}.Debug|x86.Deploy.0 = Debug|x86
		{A279C0DD-2798-42A2-B709-6A3B0ABBF375}.Release|Any CPU.ActiveCfg = Release|x86
		{A279C0DD-2798-42A2-B709-6A3B0ABBF375}.Release|ARM.ActiveCfg = Release|ARM
		{A279C0DD-2798-42A2-B709-6A3B0ABBF375}.Release|ARM.Build.0 = Release|ARM
		{A279C0DD-2798-42A2-B709-6A3B0ABBF375}.Release|ARM.Deploy.0 = Release|ARM
		{A279C0DD-2798-42A2-B709-6A3B0ABBF375}.Release|iPhone.ActiveCfg = Release|x86
		{A279C0DD-2798-42A2-B709-6A3B0ABBF375}.Release|iPhoneSimulator.ActiveCfg = Release|x86
		{A279C0DD-2798-42A2-B709-6A3B0ABBF375}.Release|x64.ActiveCfg = Release|x64
		{A279C0DD-2798-42A2-B709-6A3B0ABBF375}.Release|x64.Build.0 = Release|x64
		{A279C0DD-2798-42A2-B709-6A3B0ABBF375}.Release|x64.Deploy.0 = Release|x64
		{A279C0DD-2798-42A2-B709-6A3B0ABBF375}.Release|x86.ActiveCfg = Release|x86
		{A279C0DD-2798-42A2-B709-6A3B0ABBF375}.Release|x86.Build.0 = Release|x86
		{A279C0DD-2798-42A2-B709-6A3B0ABBF375}.Release|x86.Deploy.0 = Release|x86
	EndGlobalSection
	GlobalSection(SolutionProperties) = preSolution
		HideSolutionNode = FALSE
	EndGlobalSection
	GlobalSection(ExtensibilityGlobals) = postSolution
		SolutionGuid = {7E041EAA-4A14-4AC3-B951-005DAC99992A}
	EndGlobalSection
EndGlobal
